
Microsoft Visual Studio Solution File, Format Version 12.00
# Visual Studio Version 17
VisualStudioVersion = 17.4.33205.214
MinimumVisualStudioVersion = 10.0.40219.1
Project("{9A19103F-16F7-4668-BE54-9A1E7A4F7556}") = "Marketeer.UI.Api", "Marketeer.UI.Api\Marketeer.UI.Api.csproj", "{7372E442-1168-4272-95FE-664817DACAFD}"
EndProject
Project("{2150E333-8FDC-42A3-9474-1A3956D46DE8}") = "UI", "UI", "{35C0F4A9-D60A-464A-A4CE-1BF66AF20164}"
EndProject
Project("{9A19103F-16F7-4668-BE54-9A1E7A4F7556}") = "Marketeer.UI.Spa.ViewModels", "Marketeer.UI.Spa.ViewModels\Marketeer.UI.Spa.ViewModels.csproj", "{116039BB-8050-48AD-85B5-2EC49AC5B4FC}"
EndProject
Project("{2150E333-8FDC-42A3-9474-1A3956D46DE8}") = "Common", "Common", "{14EDFAFC-0972-4BB6-85B5-F1A99874EB1B}"
EndProject
Project("{9A19103F-16F7-4668-BE54-9A1E7A4F7556}") = "Marketeer.Common", "Marketeer.Common\Marketeer.Common.csproj", "{60077545-2E00-49D0-85FE-7445829E777F}"
EndProject
Project("{2150E333-8FDC-42A3-9474-1A3956D46DE8}") = "Solution Items", "Solution Items", "{6BE8B69E-E3AA-449B-94AE-FE31B06B5B9E}"
	ProjectSection(SolutionItems) = preProject
		.editorconfig = .editorconfig
	EndProjectSection
EndProject
Project("{2150E333-8FDC-42A3-9474-1A3956D46DE8}") = "Core", "Core", "{2125E666-FBFE-4BFE-A998-D61B5B4FBBE6}"
EndProject
Project("{9A19103F-16F7-4668-BE54-9A1E7A4F7556}") = "Marketeer.Core", "Marketeer.Core\Marketeer.Core.csproj", "{8AA85205-BA6B-4B77-8E70-5DEB1A194B80}"
EndProject
Project("{9A19103F-16F7-4668-BE54-9A1E7A4F7556}") = "Marketeer.Core.Cron", "Marketeer.Core.Cron\Marketeer.Core.Cron.csproj", "{38C70781-3073-4FD6-BF64-47938CD471C2}"
EndProject
Project("{9A19103F-16F7-4668-BE54-9A1E7A4F7556}") = "Marketeer.Core.Domain", "Marketeer.Core.Domain\Marketeer.Core.Domain.csproj", "{8F0E5935-5908-4079-A8A5-DCBE39F5A520}"
EndProject
Project("{9A19103F-16F7-4668-BE54-9A1E7A4F7556}") = "Marketeer.Core.Service", "Marketeer.Core.Service\Marketeer.Core.Service.csproj", "{AE8803DD-ACB6-4D34-B94D-AB1E577D567F}"
EndProject
Project("{2150E333-8FDC-42A3-9474-1A3956D46DE8}") = "Persistance", "Persistance", "{AFF6A531-1134-46ED-BFEE-0B25449C8FAC}"
EndProject
Project("{9A19103F-16F7-4668-BE54-9A1E7A4F7556}") = "Marketeer.Persistance", "Marketeer.Persistance\Marketeer.Persistance.csproj", "{3F833247-28B7-4489-83D4-6A3FDD425F82}"
EndProject
Project("{9A19103F-16F7-4668-BE54-9A1E7A4F7556}") = "Marketeer.Persistance.Database", "Marketeer.Persistance.Database\Marketeer.Persistance.Database.csproj", "{86D06002-D16D-41F4-BBCE-D50217066B36}"
EndProject
Project("{2150E333-8FDC-42A3-9474-1A3956D46DE8}") = "Infrastructure", "Infrastructure", "{2AAE2A18-1E06-461B-953E-CBD44C1D35E2}"
EndProject
Project("{9A19103F-16F7-4668-BE54-9A1E7A4F7556}") = "Marketeer.Infrastructure", "Marketeer.Infrastructure\Marketeer.Infrastructure.csproj", "{F1BA5325-5AE1-4E12-9C00-15D9F639D315}"
EndProject
Project("{9A19103F-16F7-4668-BE54-9A1E7A4F7556}") = "Marketeer.Infrastructure.Python", "Marketeer.Infrastructure.Python\Marketeer.Infrastructure.Python.csproj", "{C7ACA631-0ABD-4E9B-8C58-5190CD7737F1}"
EndProject
Project("{9A19103F-16F7-4668-BE54-9A1E7A4F7556}") = "Marketeer.Infrastructure.External", "Marketeer.Infrastructure.External\Marketeer.Infrastructure.External.csproj", "{CD1932D7-4174-41A0-A315-DE7FC1A01F62}"
EndProject
Global
	GlobalSection(SolutionConfigurationPlatforms) = preSolution
		Debug|Any CPU = Debug|Any CPU
		Release|Any CPU = Release|Any CPU
	EndGlobalSection
	GlobalSection(ProjectConfigurationPlatforms) = postSolution
		{7372E442-1168-4272-95FE-664817DACAFD}.Debug|Any CPU.ActiveCfg = Debug|Any CPU
		{7372E442-1168-4272-95FE-664817DACAFD}.Debug|Any CPU.Build.0 = Debug|Any CPU
		{7372E442-1168-4272-95FE-664817DACAFD}.Release|Any CPU.ActiveCfg = Release|Any CPU
		{7372E442-1168-4272-95FE-664817DACAFD}.Release|Any CPU.Build.0 = Release|Any CPU
		{116039BB-8050-48AD-85B5-2EC49AC5B4FC}.Debug|Any CPU.ActiveCfg = Debug|Any CPU
		{116039BB-8050-48AD-85B5-2EC49AC5B4FC}.Debug|Any CPU.Build.0 = Debug|Any CPU
		{116039BB-8050-48AD-85B5-2EC49AC5B4FC}.Release|Any CPU.ActiveCfg = Release|Any CPU
		{116039BB-8050-48AD-85B5-2EC49AC5B4FC}.Release|Any CPU.Build.0 = Release|Any CPU
		{60077545-2E00-49D0-85FE-7445829E777F}.Debug|Any CPU.ActiveCfg = Debug|Any CPU
		{60077545-2E00-49D0-85FE-7445829E777F}.Debug|Any CPU.Build.0 = Debug|Any CPU
		{60077545-2E00-49D0-85FE-7445829E777F}.Release|Any CPU.ActiveCfg = Release|Any CPU
		{60077545-2E00-49D0-85FE-7445829E777F}.Release|Any CPU.Build.0 = Release|Any CPU
		{8AA85205-BA6B-4B77-8E70-5DEB1A194B80}.Debug|Any CPU.ActiveCfg = Debug|Any CPU
		{8AA85205-BA6B-4B77-8E70-5DEB1A194B80}.Debug|Any CPU.Build.0 = Debug|Any CPU
		{8AA85205-BA6B-4B77-8E70-5DEB1A194B80}.Release|Any CPU.ActiveCfg = Release|Any CPU
		{8AA85205-BA6B-4B77-8E70-5DEB1A194B80}.Release|Any CPU.Build.0 = Release|Any CPU
		{38C70781-3073-4FD6-BF64-47938CD471C2}.Debug|Any CPU.ActiveCfg = Debug|Any CPU
		{38C70781-3073-4FD6-BF64-47938CD471C2}.Debug|Any CPU.Build.0 = Debug|Any CPU
		{38C70781-3073-4FD6-BF64-47938CD471C2}.Release|Any CPU.ActiveCfg = Release|Any CPU
		{38C70781-3073-4FD6-BF64-47938CD471C2}.Release|Any CPU.Build.0 = Release|Any CPU
		{8F0E5935-5908-4079-A8A5-DCBE39F5A520}.Debug|Any CPU.ActiveCfg = Debug|Any CPU
		{8F0E5935-5908-4079-A8A5-DCBE39F5A520}.Debug|Any CPU.Build.0 = Debug|Any CPU
		{8F0E5935-5908-4079-A8A5-DCBE39F5A520}.Release|Any CPU.ActiveCfg = Release|Any CPU
		{8F0E5935-5908-4079-A8A5-DCBE39F5A520}.Release|Any CPU.Build.0 = Release|Any CPU
		{AE8803DD-ACB6-4D34-B94D-AB1E577D567F}.Debug|Any CPU.ActiveCfg = Debug|Any CPU
		{AE8803DD-ACB6-4D34-B94D-AB1E577D567F}.Debug|Any CPU.Build.0 = Debug|Any CPU
		{AE8803DD-ACB6-4D34-B94D-AB1E577D567F}.Release|Any CPU.ActiveCfg = Release|Any CPU
		{AE8803DD-ACB6-4D34-B94D-AB1E577D567F}.Release|Any CPU.Build.0 = Release|Any CPU
		{3F833247-28B7-4489-83D4-6A3FDD425F82}.Debug|Any CPU.ActiveCfg = Debug|Any CPU
		{3F833247-28B7-4489-83D4-6A3FDD425F82}.Debug|Any CPU.Build.0 = Debug|Any CPU
		{3F833247-28B7-4489-83D4-6A3FDD425F82}.Release|Any CPU.ActiveCfg = Release|Any CPU
		{3F833247-28B7-4489-83D4-6A3FDD425F82}.Release|Any CPU.Build.0 = Release|Any CPU
		{86D06002-D16D-41F4-BBCE-D50217066B36}.Debug|Any CPU.ActiveCfg = Debug|Any CPU
		{86D06002-D16D-41F4-BBCE-D50217066B36}.Debug|Any CPU.Build.0 = Debug|Any CPU
		{86D06002-D16D-41F4-BBCE-D50217066B36}.Release|Any CPU.ActiveCfg = Release|Any CPU
		{86D06002-D16D-41F4-BBCE-D50217066B36}.Release|Any CPU.Build.0 = Release|Any CPU
		{F1BA5325-5AE1-4E12-9C00-15D9F639D315}.Debug|Any CPU.ActiveCfg = Debug|Any CPU
		{F1BA5325-5AE1-4E12-9C00-15D9F639D315}.Debug|Any CPU.Build.0 = Debug|Any CPU
		{F1BA5325-5AE1-4E12-9C00-15D9F639D315}.Release|Any CPU.ActiveCfg = Release|Any CPU
		{F1BA5325-5AE1-4E12-9C00-15D9F639D315}.Release|Any CPU.Build.0 = Release|Any CPU
		{C7ACA631-0ABD-4E9B-8C58-5190CD7737F1}.Debug|Any CPU.ActiveCfg = Debug|Any CPU
		{C7ACA631-0ABD-4E9B-8C58-5190CD7737F1}.Debug|Any CPU.Build.0 = Debug|Any CPU
		{C7ACA631-0ABD-4E9B-8C58-5190CD7737F1}.Release|Any CPU.ActiveCfg = Release|Any CPU
		{C7ACA631-0ABD-4E9B-8C58-5190CD7737F1}.Release|Any CPU.Build.0 = Release|Any CPU
		{CD1932D7-4174-41A0-A315-DE7FC1A01F62}.Debug|Any CPU.ActiveCfg = Debug|Any CPU
		{CD1932D7-4174-41A0-A315-DE7FC1A01F62}.Debug|Any CPU.Build.0 = Debug|Any CPU
		{CD1932D7-4174-41A0-A315-DE7FC1A01F62}.Release|Any CPU.ActiveCfg = Release|Any CPU
		{CD1932D7-4174-41A0-A315-DE7FC1A01F62}.Release|Any CPU.Build.0 = Release|Any CPU
	EndGlobalSection
	GlobalSection(SolutionProperties) = preSolution
		HideSolutionNode = FALSE
	EndGlobalSection
	GlobalSection(NestedProjects) = preSolution
		{7372E442-1168-4272-95FE-664817DACAFD} = {35C0F4A9-D60A-464A-A4CE-1BF66AF20164}
		{116039BB-8050-48AD-85B5-2EC49AC5B4FC} = {35C0F4A9-D60A-464A-A4CE-1BF66AF20164}
		{60077545-2E00-49D0-85FE-7445829E777F} = {14EDFAFC-0972-4BB6-85B5-F1A99874EB1B}
		{8AA85205-BA6B-4B77-8E70-5DEB1A194B80} = {2125E666-FBFE-4BFE-A998-D61B5B4FBBE6}
		{38C70781-3073-4FD6-BF64-47938CD471C2} = {2125E666-FBFE-4BFE-A998-D61B5B4FBBE6}
		{8F0E5935-5908-4079-A8A5-DCBE39F5A520} = {2125E666-FBFE-4BFE-A998-D61B5B4FBBE6}
		{AE8803DD-ACB6-4D34-B94D-AB1E577D567F} = {2125E666-FBFE-4BFE-A998-D61B5B4FBBE6}
		{3F833247-28B7-4489-83D4-6A3FDD425F82} = {AFF6A531-1134-46ED-BFEE-0B25449C8FAC}
		{86D06002-D16D-41F4-BBCE-D50217066B36} = {AFF6A531-1134-46ED-BFEE-0B25449C8FAC}
		{F1BA5325-5AE1-4E12-9C00-15D9F639D315} = {2AAE2A18-1E06-461B-953E-CBD44C1D35E2}
		{C7ACA631-0ABD-4E9B-8C58-5190CD7737F1} = {2AAE2A18-1E06-461B-953E-CBD44C1D35E2}
		{CD1932D7-4174-41A0-A315-DE7FC1A01F62} = {2AAE2A18-1E06-461B-953E-CBD44C1D35E2}
	EndGlobalSection
	GlobalSection(ExtensibilityGlobals) = postSolution
		SolutionGuid = {F31E512A-092A-4916-A02D-F6F3C2EF33D9}
	EndGlobalSection
EndGlobal
